github.com/KolobokMysnoy/tmp/general/requestResponseStruct v0.0.0-20230917155817-1c939440a044 h1:fweGmEer1ytZaaOwJXrFhCojAy1ZFSvjFttz3yODk6w=
github.com/KolobokMysnoy/tmp/general/requestResponseStruct v0.0.0-20230917155817-1c939440a044/go.mod h1:7ylW+WKZdSURvTcIl5XYHIF6xTGJahnfTeZaTqB3MMI=
github.com/go-chi/chi v1.5.5 h1:vOB/HbEMt9QqBqErz07QehcOKHaWFtuj87tTDVz2qXE=
github.com/go-chi/chi v1.5.5/go.mod h1:C9JqLr3tIYjDOZpzn+BCuxY8z8vmca43EeMgyZt7irw=
